// !$*UTF8*$!
{
	archiveVersion = 1;
	classes = {
	};
	objectVersion = 46;
	objects = {

/* Begin PBXBuildFile section */
		D52CE69119901A4D00A82A7A /* MainTableViewControllerSwift.swift in Sources */ = {isa = PBXBuildFile; fileRef = D52CE69019901A4D00A82A7A /* MainTableViewControllerSwift.swift */; };
		D52CE69819901B0000A82A7A /* MainTableViewControllerObj-C.m in Sources */ = {isa = PBXBuildFile; fileRef = D52CE69719901B0000A82A7A /* MainTableViewControllerObj-C.m */; };
		D52CE69E1990257B00A82A7A /* UIKitExamplesObj-C.m in Sources */ = {isa = PBXBuildFile; fileRef = D52CE69D1990257B00A82A7A /* UIKitExamplesObj-C.m */; };
		D52CE6A01990258E00A82A7A /* UIKitExamplesSwift.swift in Sources */ = {isa = PBXBuildFile; fileRef = D52CE69F1990258E00A82A7A /* UIKitExamplesSwift.swift */; };
		D52CE6AA19908A2900A82A7A /* CCFlowLayout.m in Sources */ = {isa = PBXBuildFile; fileRef = D52CE6A719908A2900A82A7A /* CCFlowLayout.m */; };
		D52CE6AB19908A2900A82A7A /* CCDetailCollectionViewController.m in Sources */ = {isa = PBXBuildFile; fileRef = D52CE6A919908A2900A82A7A /* CCDetailCollectionViewController.m */; };
		D52CE6AE19908A6500A82A7A /* CollectionViewObj-C.m in Sources */ = {isa = PBXBuildFile; fileRef = D52CE6AD19908A6500A82A7A /* CollectionViewObj-C.m */; };
		D52CE6B219908A9100A82A7A /* MainCollectionViewCell.m in Sources */ = {isa = PBXBuildFile; fileRef = D52CE6B019908A9100A82A7A /* MainCollectionViewCell.m */; };
		D52CE6B319908A9100A82A7A /* MainCollectionViewCell.xib in Resources */ = {isa = PBXBuildFile; fileRef = D52CE6B119908A9100A82A7A /* MainCollectionViewCell.xib */; };
		D52CE6B519908EEF00A82A7A /* CollectionViewSwift.swift in Sources */ = {isa = PBXBuildFile; fileRef = D52CE6B419908EEF00A82A7A /* CollectionViewSwift.swift */; };
		D53806F91992980C0004DEEB /* UIKitTableViewControllerParent.xib in Resources */ = {isa = PBXBuildFile; fileRef = D53806F71992980C0004DEEB /* UIKitTableViewControllerParent.xib */; };
		D53806FC1992995E0004DEEB /* UIKitTableViewControllerParent.m in Sources */ = {isa = PBXBuildFile; fileRef = D53806FB1992995E0004DEEB /* UIKitTableViewControllerParent.m */; };
		D538070819929EF00004DEEB /* CCDetailCollectionViewController.xib in Resources */ = {isa = PBXBuildFile; fileRef = D538070619929EF00004DEEB /* CCDetailCollectionViewController.xib */; };
		D538070C1992B1FF0004DEEB /* PageViewControllerParent.m in Sources */ = {isa = PBXBuildFile; fileRef = D538070A1992B1FF0004DEEB /* PageViewControllerParent.m */; };
		D538070D1992B1FF0004DEEB /* PageViewControllerParent.xib in Resources */ = {isa = PBXBuildFile; fileRef = D538070B1992B1FF0004DEEB /* PageViewControllerParent.xib */; };
		D53807111992B7ED0004DEEB /* MainTableViewControllerParent.m in Sources */ = {isa = PBXBuildFile; fileRef = D538070F1992B7ED0004DEEB /* MainTableViewControllerParent.m */; };
		D53807121992B7ED0004DEEB /* MainTableViewControllerParent.xib in Resources */ = {isa = PBXBuildFile; fileRef = D53807101992B7ED0004DEEB /* MainTableViewControllerParent.xib */; };
		D53807161992C3610004DEEB /* MapViewControllerParent.m in Sources */ = {isa = PBXBuildFile; fileRef = D53807141992C3610004DEEB /* MapViewControllerParent.m */; };
		D53807171992C3610004DEEB /* MapViewControllerParent.xib in Resources */ = {isa = PBXBuildFile; fileRef = D53807151992C3610004DEEB /* MapViewControllerParent.xib */; };
		D538071C1992C46C0004DEEB /* MapKit.framework in Frameworks */ = {isa = PBXBuildFile; fileRef = D538071B1992C46C0004DEEB /* MapKit.framework */; };
		D538071E1992C5BE0004DEEB /* MapViewControllerSwift.swift in Sources */ = {isa = PBXBuildFile; fileRef = D538071D1992C5BE0004DEEB /* MapViewControllerSwift.swift */; };
		D53807211992E5E70004DEEB /* MapViewViewControllerObj-C.m in Sources */ = {isa = PBXBuildFile; fileRef = D53807201992E5E70004DEEB /* MapViewViewControllerObj-C.m */; };
		D56090EE19900F320092AA36 /* AppDelegate.swift in Sources */ = {isa = PBXBuildFile; fileRef = D56090ED19900F320092AA36 /* AppDelegate.swift */; };
		D56090F019900F320092AA36 /* ViewController.swift in Sources */ = {isa = PBXBuildFile; fileRef = D56090EF19900F320092AA36 /* ViewController.swift */; };
		D56090F319900F320092AA36 /* Main.storyboard in Resources */ = {isa = PBXBuildFile; fileRef = D56090F119900F320092AA36 /* Main.storyboard */; };
		D56090F519900F320092AA36 /* Images.xcassets in Resources */ = {isa = PBXBuildFile; fileRef = D56090F419900F320092AA36 /* Images.xcassets */; };
		D560910119900F320092AA36 /* Swift_ObjCTests.swift in Sources */ = {isa = PBXBuildFile; fileRef = D560910019900F320092AA36 /* Swift_ObjCTests.swift */; };
		D5DAA8A8199171B800BB616D /* ChildPageViewController.swift in Sources */ = {isa = PBXBuildFile; fileRef = D5DAA8A6199171B800BB616D /* ChildPageViewController.swift */; };
		D5DAA8A9199171B800BB616D /* ChildPageViewController.xib in Resources */ = {isa = PBXBuildFile; fileRef = D5DAA8A7199171B800BB616D /* ChildPageViewController.xib */; };
		D5DAA8AB1991747600BB616D /* PageViewControllerSwift.swift in Sources */ = {isa = PBXBuildFile; fileRef = D5DAA8AA1991747600BB616D /* PageViewControllerSwift.swift */; };
		D5DAA8AE19917BFC00BB616D /* PageViewControllerObj-C.m in Sources */ = {isa = PBXBuildFile; fileRef = D5DAA8AD19917BFC00BB616D /* PageViewControllerObj-C.m */; };
/* End PBXBuildFile section */

/* Begin PBXContainerItemProxy section */
		D56090FB19900F320092AA36 /* PBXContainerItemProxy */ = {
			isa = PBXContainerItemProxy;
			containerPortal = D56090E019900F320092AA36 /* Project object */;
			proxyType = 1;
			remoteGlobalIDString = D56090E719900F320092AA36;
			remoteInfo = "Swift&ObjC";
		};
/* End PBXContainerItemProxy section */

/* Begin PBXFileReference section */
		D52CE69019901A4D00A82A7A /* MainTableViewControllerSwift.swift */ = {isa = PBXFileReference; fileEncoding = 4; lastKnownFileType = sourcecode.swift; path = MainTableViewControllerSwift.swift; sourceTree = "<group>"; };
		D52CE69519901AFF00A82A7A /* Swift&ObjC-Bridging-Header.h */ = {isa = PBXFileReference; lastKnownFileType = sourcecode.c.h; path = "Swift&ObjC-Bridging-Header.h"; sourceTree = "<group>"; };
		D52CE69619901B0000A82A7A /* MainTableViewControllerObj-C.h */ = {isa = PBXFileReference; fileEncoding = 4; lastKnownFileType = sourcecode.c.h; path = "MainTableViewControllerObj-C.h"; sourceTree = "<group>"; };
		D52CE69719901B0000A82A7A /* MainTableViewControllerObj-C.m */ = {isa = PBXFileReference; fileEncoding = 4; lastKnownFileType = sourcecode.c.objc; path = "MainTableViewControllerObj-C.m"; sourceTree = "<group>"; };
		D52CE69C1990257B00A82A7A /* UIKitExamplesObj-C.h */ = {isa = PBXFileReference; fileEncoding = 4; lastKnownFileType = sourcecode.c.h; path = "UIKitExamplesObj-C.h"; sourceTree = "<group>"; };
		D52CE69D1990257B00A82A7A /* UIKitExamplesObj-C.m */ = {isa = PBXFileReference; fileEncoding = 4; lastKnownFileType = sourcecode.c.objc; path = "UIKitExamplesObj-C.m"; sourceTree = "<group>"; };
		D52CE69F1990258E00A82A7A /* UIKitExamplesSwift.swift */ = {isa = PBXFileReference; fileEncoding = 4; lastKnownFileType = sourcecode.swift; path = UIKitExamplesSwift.swift; sourceTree = "<group>"; };
		D52CE6A619908A2900A82A7A /* CCFlowLayout.h */ = {isa = PBXFileReference; fileEncoding = 4; lastKnownFileType = sourcecode.c.h; name = CCFlowLayout.h; path = ../CCFlowLayout.h; sourceTree = "<group>"; };
		D52CE6A719908A2900A82A7A /* CCFlowLayout.m */ = {isa = PBXFileReference; fileEncoding = 4; lastKnownFileType = sourcecode.c.objc; name = CCFlowLayout.m; path = ../CCFlowLayout.m; sourceTree = "<group>"; };
		D52CE6A819908A2900A82A7A /* CCDetailCollectionViewController.h */ = {isa = PBXFileReference; fileEncoding = 4; lastKnownFileType = sourcecode.c.h; name = CCDetailCollectionViewController.h; path = ../CCDetailCollectionViewController.h; sourceTree = "<group>"; };
		D52CE6A919908A2900A82A7A /* CCDetailCollectionViewController.m */ = {isa = PBXFileReference; fileEncoding = 4; lastKnownFileType = sourcecode.c.objc; name = CCDetailCollectionViewController.m; path = ../CCDetailCollectionViewController.m; sourceTree = "<group>"; };
		D52CE6AC19908A6500A82A7A /* CollectionViewObj-C.h */ = {isa = PBXFileReference; fileEncoding = 4; lastKnownFileType = sourcecode.c.h; path = "CollectionViewObj-C.h"; sourceTree = "<group>"; };
		D52CE6AD19908A6500A82A7A /* CollectionViewObj-C.m */ = {isa = PBXFileReference; fileEncoding = 4; lastKnownFileType = sourcecode.c.objc; path = "CollectionViewObj-C.m"; sourceTree = "<group>"; };
		D52CE6AF19908A9100A82A7A /* MainCollectionViewCell.h */ = {isa = PBXFileReference; fileEncoding = 4; lastKnownFileType = sourcecode.c.h; path = MainCollectionViewCell.h; sourceTree = "<group>"; };
		D52CE6B019908A9100A82A7A /* MainCollectionViewCell.m */ = {isa = PBXFileReference; fileEncoding = 4; lastKnownFileType = sourcecode.c.objc; path = MainCollectionViewCell.m; sourceTree = "<group>"; };
		D52CE6B119908A9100A82A7A /* MainCollectionViewCell.xib */ = {isa = PBXFileReference; fileEncoding = 4; lastKnownFileType = file.xib; path = MainCollectionViewCell.xib; sourceTree = "<group>"; };
		D52CE6B419908EEF00A82A7A /* CollectionViewSwift.swift */ = {isa = PBXFileReference; fileEncoding = 4; lastKnownFileType = sourcecode.swift; path = CollectionViewSwift.swift; sourceTree = "<group>"; };
		D53806F71992980C0004DEEB /* UIKitTableViewControllerParent.xib */ = {isa = PBXFileReference; fileEncoding = 4; lastKnownFileType = file.xib; path = UIKitTableViewControllerParent.xib; sourceTree = "<group>"; };
		D53806FA1992995E0004DEEB /* UIKitTableViewControllerParent.h */ = {isa = PBXFileReference; fileEncoding = 4; lastKnownFileType = sourcecode.c.h; path = UIKitTableViewControllerParent.h; sourceTree = "<group>"; };
		D53806FB1992995E0004DEEB /* UIKitTableViewControllerParent.m */ = {isa = PBXFileReference; fileEncoding = 4; lastKnownFileType = sourcecode.c.objc; path = UIKitTableViewControllerParent.m; sourceTree = "<group>"; };
		D538070619929EF00004DEEB /* CCDetailCollectionViewController.xib */ = {isa = PBXFileReference; fileEncoding = 4; lastKnownFileType = file.xib; path = CCDetailCollectionViewController.xib; sourceTree = "<group>"; };
		D53807091992B1FF0004DEEB /* PageViewControllerParent.h */ = {isa = PBXFileReference; fileEncoding = 4; lastKnownFileType = sourcecode.c.h; path = PageViewControllerParent.h; sourceTree = "<group>"; };
		D538070A1992B1FF0004DEEB /* PageViewControllerParent.m */ = {isa = PBXFileReference; fileEncoding = 4; lastKnownFileType = sourcecode.c.objc; path = PageViewControllerParent.m; sourceTree = "<group>"; };
		D538070B1992B1FF0004DEEB /* PageViewControllerParent.xib */ = {isa = PBXFileReference; fileEncoding = 4; lastKnownFileType = file.xib; path = PageViewControllerParent.xib; sourceTree = "<group>"; };
		D538070E1992B7ED0004DEEB /* MainTableViewControllerParent.h */ = {isa = PBXFileReference; fileEncoding = 4; lastKnownFileType = sourcecode.c.h; path = MainTableViewControllerParent.h; sourceTree = "<group>"; };
		D538070F1992B7ED0004DEEB /* MainTableViewControllerParent.m */ = {isa = PBXFileReference; fileEncoding = 4; lastKnownFileType = sourcecode.c.objc; path = MainTableViewControllerParent.m; sourceTree = "<group>"; };
		D53807101992B7ED0004DEEB /* MainTableViewControllerParent.xib */ = {isa = PBXFileReference; fileEncoding = 4; lastKnownFileType = file.xib; path = MainTableViewControllerParent.xib; sourceTree = "<group>"; };
		D53807131992C3610004DEEB /* MapViewControllerParent.h */ = {isa = PBXFileReference; fileEncoding = 4; lastKnownFileType = sourcecode.c.h; path = MapViewControllerParent.h; sourceTree = "<group>"; };
		D53807141992C3610004DEEB /* MapViewControllerParent.m */ = {isa = PBXFileReference; fileEncoding = 4; lastKnownFileType = sourcecode.c.objc; path = MapViewControllerParent.m; sourceTree = "<group>"; };
		D53807151992C3610004DEEB /* MapViewControllerParent.xib */ = {isa = PBXFileReference; fileEncoding = 4; lastKnownFileType = file.xib; path = MapViewControllerParent.xib; sourceTree = "<group>"; };
		D538071B1992C46C0004DEEB /* MapKit.framework */ = {isa = PBXFileReference; lastKnownFileType = wrapper.framework; name = MapKit.framework; path = System/Library/Frameworks/MapKit.framework; sourceTree = SDKROOT; };
		D538071D1992C5BE0004DEEB /* MapViewControllerSwift.swift */ = {isa = PBXFileReference; fileEncoding = 4; lastKnownFileType = sourcecode.swift; path = MapViewControllerSwift.swift; sourceTree = "<group>"; };
		D538071F1992E5E70004DEEB /* MapViewViewControllerObj-C.h */ = {isa = PBXFileReference; fileEncoding = 4; lastKnownFileType = sourcecode.c.h; path = "MapViewViewControllerObj-C.h"; sourceTree = "<group>"; };
		D53807201992E5E70004DEEB /* MapViewViewControllerObj-C.m */ = {isa = PBXFileReference; fileEncoding = 4; lastKnownFileType = sourcecode.c.objc; path = "MapViewViewControllerObj-C.m"; sourceTree = "<group>"; };
		D56090E819900F320092AA36 /* Swift&ObjC.app */ = {isa = PBXFileReference; explicitFileType = wrapper.application; includeInIndex = 0; path = "Swift&ObjC.app"; sourceTree = BUILT_PRODUCTS_DIR; };
		D56090EC19900F320092AA36 /* Info.plist */ = {isa = PBXFileReference; lastKnownFileType = text.plist.xml; path = Info.plist; sourceTree = "<group>"; };
		D56090ED19900F320092AA36 /* AppDelegate.swift */ = {isa = PBXFileReference; lastKnownFileType = sourcecode.swift; path = AppDelegate.swift; sourceTree = "<group>"; };
		D56090EF19900F320092AA36 /* ViewController.swift */ = {isa = PBXFileReference; lastKnownFileType = sourcecode.swift; path = ViewController.swift; sourceTree = "<group>"; };
		D56090F219900F320092AA36 /* Base */ = {isa = PBXFileReference; lastKnownFileType = file.storyboard; name = Base; path = Base.lproj/Main.storyboard; sourceTree = "<group>"; };
		D56090F419900F320092AA36 /* Images.xcassets */ = {isa = PBXFileReference; lastKnownFileType = folder.assetcatalog; path = Images.xcassets; sourceTree = "<group>"; };
		D56090FA19900F320092AA36 /* Swift&ObjCTests.xctest */ = {isa = PBXFileReference; explicitFileType = wrapper.cfbundle; includeInIndex = 0; path = "Swift&ObjCTests.xctest"; sourceTree = BUILT_PRODUCTS_DIR; };
		D56090FF19900F320092AA36 /* Info.plist */ = {isa = PBXFileReference; lastKnownFileType = text.plist.xml; path = Info.plist; sourceTree = "<group>"; };
		D560910019900F320092AA36 /* Swift_ObjCTests.swift */ = {isa = PBXFileReference; lastKnownFileType = sourcecode.swift; path = Swift_ObjCTests.swift; sourceTree = "<group>"; };
		D5DAA8A6199171B800BB616D /* ChildPageViewController.swift */ = {isa = PBXFileReference; fileEncoding = 4; lastKnownFileType = sourcecode.swift; path = ChildPageViewController.swift; sourceTree = "<group>"; };
		D5DAA8A7199171B800BB616D /* ChildPageViewController.xib */ = {isa = PBXFileReference; fileEncoding = 4; lastKnownFileType = file.xib; path = ChildPageViewController.xib; sourceTree = "<group>"; };
		D5DAA8AA1991747600BB616D /* PageViewControllerSwift.swift */ = {isa = PBXFileReference; fileEncoding = 4; lastKnownFileType = sourcecode.swift; path = PageViewControllerSwift.swift; sourceTree = "<group>"; };
		D5DAA8AC19917BFC00BB616D /* PageViewControllerObj-C.h */ = {isa = PBXFileReference; fileEncoding = 4; lastKnownFileType = sourcecode.c.h; path = "PageViewControllerObj-C.h"; sourceTree = "<group>"; };
		D5DAA8AD19917BFC00BB616D /* PageViewControllerObj-C.m */ = {isa = PBXFileReference; fileEncoding = 4; lastKnownFileType = sourcecode.c.objc; path = "PageViewControllerObj-C.m"; sourceTree = "<group>"; };
/* End PBXFileReference section */

/* Begin PBXFrameworksBuildPhase section */
		D56090E519900F320092AA36 /* Frameworks */ = {
			isa = PBXFrameworksBuildPhase;
			buildActionMask = 2147483647;
			files = (
				D538071C1992C46C0004DEEB /* MapKit.framework in Frameworks */,
			);
			runOnlyForDeploymentPostprocessing = 0;
		};
		D56090F719900F320092AA36 /* Frameworks */ = {
			isa = PBXFrameworksBuildPhase;
			buildActionMask = 2147483647;
			files = (
			);
			runOnlyForDeploymentPostprocessing = 0;
		};
/* End PBXFrameworksBuildPhase section */

/* Begin PBXGroup section */
		D52542AD19916C240052FDEB /* UIPageViewController */ = {
			isa = PBXGroup;
			children = (
				D53807091992B1FF0004DEEB /* PageViewControllerParent.h */,
				D538070A1992B1FF0004DEEB /* PageViewControllerParent.m */,
				D538070B1992B1FF0004DEEB /* PageViewControllerParent.xib */,
				D5DAA8A6199171B800BB616D /* ChildPageViewController.swift */,
				D5DAA8A7199171B800BB616D /* ChildPageViewController.xib */,
				D52542AF19916C520052FDEB /* Obj-C */,
				D52542AE19916C410052FDEB /* Swift */,
			);
			name = UIPageViewController;
			sourceTree = "<group>";
		};
		D52542AE19916C410052FDEB /* Swift */ = {
			isa = PBXGroup;
			children = (
				D5DAA8AA1991747600BB616D /* PageViewControllerSwift.swift */,
			);
			name = Swift;
			sourceTree = "<group>";
		};
		D52542AF19916C520052FDEB /* Obj-C */ = {
			isa = PBXGroup;
			children = (
				D5DAA8AC19917BFC00BB616D /* PageViewControllerObj-C.h */,
				D5DAA8AD19917BFC00BB616D /* PageViewControllerObj-C.m */,
			);
			name = "Obj-C";
			sourceTree = "<group>";
		};
		D52CE69219901AC700A82A7A /* MainTableView */ = {
			isa = PBXGroup;
			children = (
				D538070E1992B7ED0004DEEB /* MainTableViewControllerParent.h */,
				D538070F1992B7ED0004DEEB /* MainTableViewControllerParent.m */,
				D53807101992B7ED0004DEEB /* MainTableViewControllerParent.xib */,
				D52CE69419901AD600A82A7A /* Obj-C */,
				D52CE69319901AD000A82A7A /* Swift */,
			);
			name = MainTableView;
			sourceTree = "<group>";
		};
		D52CE69319901AD000A82A7A /* Swift */ = {
			isa = PBXGroup;
			children = (
				D52CE69019901A4D00A82A7A /* MainTableViewControllerSwift.swift */,
			);
			name = Swift;
			sourceTree = "<group>";
		};
		D52CE69419901AD600A82A7A /* Obj-C */ = {
			isa = PBXGroup;
			children = (
				D52CE69619901B0000A82A7A /* MainTableViewControllerObj-C.h */,
				D52CE69719901B0000A82A7A /* MainTableViewControllerObj-C.m */,
			);
			name = "Obj-C";
			sourceTree = "<group>";
		};
		D52CE6991990254A00A82A7A /* UIKit examples */ = {
			isa = PBXGroup;
			children = (
				D53806FA1992995E0004DEEB /* UIKitTableViewControllerParent.h */,
				D53806FB1992995E0004DEEB /* UIKitTableViewControllerParent.m */,
				D53806F71992980C0004DEEB /* UIKitTableViewControllerParent.xib */,
				D52CE69B1990255C00A82A7A /* Obj-C */,
				D52CE69A1990255700A82A7A /* Swift */,
			);
			name = "UIKit examples";
			sourceTree = "<group>";
		};
		D52CE69A1990255700A82A7A /* Swift */ = {
			isa = PBXGroup;
			children = (
				D52CE69F1990258E00A82A7A /* UIKitExamplesSwift.swift */,
			);
			name = Swift;
			sourceTree = "<group>";
		};
		D52CE69B1990255C00A82A7A /* Obj-C */ = {
			isa = PBXGroup;
			children = (
				D52CE69C1990257B00A82A7A /* UIKitExamplesObj-C.h */,
				D52CE69D1990257B00A82A7A /* UIKitExamplesObj-C.m */,
			);
			name = "Obj-C";
			sourceTree = "<group>";
		};
		D52CE6A3199089EB00A82A7A /* CollectionView */ = {
			isa = PBXGroup;
			children = (
				D52CE6AF19908A9100A82A7A /* MainCollectionViewCell.h */,
				D52CE6B019908A9100A82A7A /* MainCollectionViewCell.m */,
				D52CE6B119908A9100A82A7A /* MainCollectionViewCell.xib */,
				D52CE6A619908A2900A82A7A /* CCFlowLayout.h */,
				D52CE6A719908A2900A82A7A /* CCFlowLayout.m */,
				D52CE6A819908A2900A82A7A /* CCDetailCollectionViewController.h */,
				D52CE6A919908A2900A82A7A /* CCDetailCollectionViewController.m */,
				D538070619929EF00004DEEB /* CCDetailCollectionViewController.xib */,
				D52CE6A4199089F600A82A7A /* Obj-C */,
				D52CE6A519908A0400A82A7A /* Swift */,
			);
			name = CollectionView;
			sourceTree = "<group>";
		};
		D52CE6A4199089F600A82A7A /* Obj-C */ = {
			isa = PBXGroup;
			children = (
				D52CE6AC19908A6500A82A7A /* CollectionViewObj-C.h */,
				D52CE6AD19908A6500A82A7A /* CollectionViewObj-C.m */,
			);
			name = "Obj-C";
			sourceTree = "<group>";
		};
		D52CE6A519908A0400A82A7A /* Swift */ = {
			isa = PBXGroup;
			children = (
				D52CE6B419908EEF00A82A7A /* CollectionViewSwift.swift */,
			);
			name = Swift;
			sourceTree = "<group>";
		};
		D53806EF19927DFF0004DEEB /* MapView */ = {
			isa = PBXGroup;
			children = (
				D53807131992C3610004DEEB /* MapViewControllerParent.h */,
				D53807141992C3610004DEEB /* MapViewControllerParent.m */,
				D53807151992C3610004DEEB /* MapViewControllerParent.xib */,
				D53806F119927E370004DEEB /* Obj-C */,
				D53806F019927E290004DEEB /* Swift */,
			);
			name = MapView;
			sourceTree = "<group>";
		};
		D53806F019927E290004DEEB /* Swift */ = {
			isa = PBXGroup;
			children = (
				D538071D1992C5BE0004DEEB /* MapViewControllerSwift.swift */,
			);
			name = Swift;
			sourceTree = "<group>";
		};
		D53806F119927E370004DEEB /* Obj-C */ = {
			isa = PBXGroup;
			children = (
				D538071F1992E5E70004DEEB /* MapViewViewControllerObj-C.h */,
				D53807201992E5E70004DEEB /* MapViewViewControllerObj-C.m */,
			);
			name = "Obj-C";
			sourceTree = "<group>";
		};
		D538071A1992C4520004DEEB /* Frameworks */ = {
			isa = PBXGroup;
			children = (
				D538071B1992C46C0004DEEB /* MapKit.framework */,
			);
			name = Frameworks;
			sourceTree = "<group>";
		};
		D56090DF19900F320092AA36 = {
			isa = PBXGroup;
			children = (
				D56090EA19900F320092AA36 /* Swift&ObjC */,
				D56090FD19900F320092AA36 /* Swift&ObjCTests */,
				D56090E919900F320092AA36 /* Products */,
				D538071A1992C4520004DEEB /* Frameworks */,
			);
			sourceTree = "<group>";
		};
		D56090E919900F320092AA36 /* Products */ = {
			isa = PBXGroup;
			children = (
				D56090E819900F320092AA36 /* Swift&ObjC.app */,
				D56090FA19900F320092AA36 /* Swift&ObjCTests.xctest */,
			);
			name = Products;
			sourceTree = "<group>";
		};
		D56090EA19900F320092AA36 /* Swift&ObjC */ = {
			isa = PBXGroup;
			children = (
				D56090ED19900F320092AA36 /* AppDelegate.swift */,
				D56090EF19900F320092AA36 /* ViewController.swift */,
				D56090F119900F320092AA36 /* Main.storyboard */,
				D52CE69219901AC700A82A7A /* MainTableView */,
				D52CE6991990254A00A82A7A /* UIKit examples */,
				D52CE6A3199089EB00A82A7A /* CollectionView */,
				D52542AD19916C240052FDEB /* UIPageViewController */,
				D53806EF19927DFF0004DEEB /* MapView */,
				D56090F419900F320092AA36 /* Images.xcassets */,
				D56090EB19900F320092AA36 /* Supporting Files */,
			);
			path = "Swift&ObjC";
			sourceTree = "<group>";
		};
		D56090EB19900F320092AA36 /* Supporting Files */ = {
			isa = PBXGroup;
			children = (
				D52CE69519901AFF00A82A7A /* Swift&ObjC-Bridging-Header.h */,
				D56090EC19900F320092AA36 /* Info.plist */,
			);
			name = "Supporting Files";
			sourceTree = "<group>";
		};
		D56090FD19900F320092AA36 /* Swift&ObjCTests */ = {
			isa = PBXGroup;
			children = (
				D560910019900F320092AA36 /* Swift_ObjCTests.swift */,
				D56090FE19900F320092AA36 /* Supporting Files */,
			);
			path = "Swift&ObjCTests";
			sourceTree = "<group>";
		};
		D56090FE19900F320092AA36 /* Supporting Files */ = {
			isa = PBXGroup;
			children = (
				D56090FF19900F320092AA36 /* Info.plist */,
			);
			name = "Supporting Files";
			sourceTree = "<group>";
		};
/* End PBXGroup section */

/* Begin PBXNativeTarget section */
		D56090E719900F320092AA36 /* Swift&ObjC */ = {
			isa = PBXNativeTarget;
			buildConfigurationList = D560910419900F320092AA36 /* Build configuration list for PBXNativeTarget "Swift&ObjC" */;
			buildPhases = (
				D56090E419900F320092AA36 /* Sources */,
				D56090E519900F320092AA36 /* Frameworks */,
				D56090E619900F320092AA36 /* Resources */,
			);
			buildRules = (
			);
			dependencies = (
			);
			name = "Swift&ObjC";
			productName = "Swift&ObjC";
			productReference = D56090E819900F320092AA36 /* Swift&ObjC.app */;
			productType = "com.apple.product-type.application";
		};
		D56090F919900F320092AA36 /* Swift&ObjCTests */ = {
			isa = PBXNativeTarget;
			buildConfigurationList = D560910719900F320092AA36 /* Build configuration list for PBXNativeTarget "Swift&ObjCTests" */;
			buildPhases = (
				D56090F619900F320092AA36 /* Sources */,
				D56090F719900F320092AA36 /* Frameworks */,
				D56090F819900F320092AA36 /* Resources */,
			);
			buildRules = (
			);
			dependencies = (
				D56090FC19900F320092AA36 /* PBXTargetDependency */,
			);
			name = "Swift&ObjCTests";
			productName = "Swift&ObjCTests";
			productReference = D56090FA19900F320092AA36 /* Swift&ObjCTests.xctest */;
			productType = "com.apple.product-type.bundle.unit-test";
		};
/* End PBXNativeTarget section */

/* Begin PBXProject section */
		D56090E019900F320092AA36 /* Project object */ = {
			isa = PBXProject;
			attributes = {
				LastUpgradeCheck = 0600;
				ORGANIZATIONNAME = "Allstate R&D";
				TargetAttributes = {
					D56090E719900F320092AA36 = {
						CreatedOnToolsVersion = 6.0;
					};
					D56090F919900F320092AA36 = {
						CreatedOnToolsVersion = 6.0;
						TestTargetID = D56090E719900F320092AA36;
					};
				};
			};
			buildConfigurationList = D56090E319900F320092AA36 /* Build configuration list for PBXProject "Swift&ObjC" */;
			compatibilityVersion = "Xcode 3.2";
			developmentRegion = English;
			hasScannedForEncodings = 0;
			knownRegions = (
				en,
				Base,
			);
			mainGroup = D56090DF19900F320092AA36;
			productRefGroup = D56090E919900F320092AA36 /* Products */;
			projectDirPath = "";
			projectRoot = "";
			targets = (
				D56090E719900F320092AA36 /* Swift&ObjC */,
				D56090F919900F320092AA36 /* Swift&ObjCTests */,
			);
		};
/* End PBXProject section */

/* Begin PBXResourcesBuildPhase section */
		D56090E619900F320092AA36 /* Resources */ = {
			isa = PBXResourcesBuildPhase;
			buildActionMask = 2147483647;
			files = (
				D53807121992B7ED0004DEEB /* MainTableViewControllerParent.xib in Resources */,
				D5DAA8A9199171B800BB616D /* ChildPageViewController.xib in Resources */,
				D56090F319900F320092AA36 /* Main.storyboard in Resources */,
				D538070D1992B1FF0004DEEB /* PageViewControllerParent.xib in Resources */,
				D53806F91992980C0004DEEB /* UIKitTableViewControllerParent.xib in Resources */,
				D52CE6B319908A9100A82A7A /* MainCollectionViewCell.xib in Resources */,
				D53807171992C3610004DEEB /* MapViewControllerParent.xib in Resources */,
				D538070819929EF00004DEEB /* CCDetailCollectionViewController.xib in Resources */,
				D56090F519900F320092AA36 /* Images.xcassets in Resources */,
			);
			runOnlyForDeploymentPostprocessing = 0;
		};
		D56090F819900F320092AA36 /* Resources */ = {
			isa = PBXResourcesBuildPhase;
			buildActionMask = 2147483647;
			files = (
			);
			runOnlyForDeploymentPostprocessing = 0;
		};
/* End PBXResourcesBuildPhase section */

/* Begin PBXSourcesBuildPhase section */
		D56090E419900F320092AA36 /* Sources */ = {
			isa = PBXSourcesBuildPhase;
			buildActionMask = 2147483647;
			files = (
				D52CE69E1990257B00A82A7A /* UIKitExamplesObj-C.m in Sources */,
				D52CE6A01990258E00A82A7A /* UIKitExamplesSwift.swift in Sources */,
				D52CE69819901B0000A82A7A /* MainTableViewControllerObj-C.m in Sources */,
				D52CE6B519908EEF00A82A7A /* CollectionViewSwift.swift in Sources */,
				D52CE69119901A4D00A82A7A /* MainTableViewControllerSwift.swift in Sources */,
				D56090F019900F320092AA36 /* ViewController.swift in Sources */,
				D53807211992E5E70004DEEB /* MapViewViewControllerObj-C.m in Sources */,
				D52CE6AB19908A2900A82A7A /* CCDetailCollectionViewController.m in Sources */,
				D5DAA8AB1991747600BB616D /* PageViewControllerSwift.swift in Sources */,
				D53807111992B7ED0004DEEB /* MainTableViewControllerParent.m in Sources */,
				D56090EE19900F320092AA36 /* AppDelegate.swift in Sources */,
				D5DAA8A8199171B800BB616D /* ChildPageViewController.swift in Sources */,
				D53806FC1992995E0004DEEB /* UIKitTableViewControllerParent.m in Sources */,
				D538070C1992B1FF0004DEEB /* PageViewControllerParent.m in Sources */,
				D53807161992C3610004DEEB /* MapViewControllerParent.m in Sources */,
				D538071E1992C5BE0004DEEB /* MapViewControllerSwift.swift in Sources */,
				D52CE6B219908A9100A82A7A /* MainCollectionViewCell.m in Sources */,
				D52CE6AA19908A2900A82A7A /* CCFlowLayout.m in Sources */,
				D52CE6AE19908A6500A82A7A /* CollectionViewObj-C.m in Sources */,
				D5DAA8AE19917BFC00BB616D /* PageViewControllerObj-C.m in Sources */,
			);
			runOnlyForDeploymentPostprocessing = 0;
		};
		D56090F619900F320092AA36 /* Sources */ = {
			isa = PBXSourcesBuildPhase;
			buildActionMask = 2147483647;
			files = (
				D560910119900F320092AA36 /* Swift_ObjCTests.swift in Sources */,
			);
			runOnlyForDeploymentPostprocessing = 0;
		};
/* End PBXSourcesBuildPhase section */

/* Begin PBXTargetDependency section */
		D56090FC19900F320092AA36 /* PBXTargetDependency */ = {
			isa = PBXTargetDependency;
			target = D56090E719900F320092AA36 /* Swift&ObjC */;
			targetProxy = D56090FB19900F320092AA36 /* PBXContainerItemProxy */;
		};
/* End PBXTargetDependency section */

/* Begin PBXVariantGroup section */
		D56090F119900F320092AA36 /* Main.storyboard */ = {
			isa = PBXVariantGroup;
			children = (
				D56090F219900F320092AA36 /* Base */,
			);
			name = Main.storyboard;
			sourceTree = "<group>";
		};
/* End PBXVariantGroup section */

/* Begin XCBuildConfiguration section */
		D560910219900F320092AA36 /* Debug */ = {
			isa = XCBuildConfiguration;
			buildSettings = {
				ALWAYS_SEARCH_USER_PATHS = NO;
				CLANG_CXX_LANGUAGE_STANDARD = "gnu++0x";
				CLANG_CXX_LIBRARY = "libc++";
				CLANG_ENABLE_MODULES = YES;
				CLANG_ENABLE_OBJC_ARC = YES;
				CLANG_WARN_BOOL_CONVERSION = YES;
				CLANG_WARN_CONSTANT_CONVERSION = YES;
				CLANG_WARN_DIRECT_OBJC_ISA_USAGE = YES_ERROR;
				CLANG_WARN_EMPTY_BODY = YES;
				CLANG_WARN_ENUM_CONVERSION = YES;
				CLANG_WARN_INT_CONVERSION = YES;
				CLANG_WARN_OBJC_ROOT_CLASS = YES_ERROR;
				CLANG_WARN_UNREACHABLE_CODE = YES;
				CLANG_WARN__DUPLICATE_METHOD_MATCH = YES;
				"CODE_SIGN_IDENTITY[sdk=iphoneos*]" = "iPhone Developer";
				COPY_PHASE_STRIP = NO;
				ENABLE_STRICT_OBJC_MSGSEND = YES;
				GCC_C_LANGUAGE_STANDARD = gnu99;
				GCC_DYNAMIC_NO_PIC = NO;
				GCC_OPTIMIZATION_LEVEL = 0;
				GCC_PREPROCESSOR_DEFINITIONS = (
					"DEBUG=1",
					"$(inherited)",
				);
				GCC_SYMBOLS_PRIVATE_EXTERN = NO;
				GCC_WARN_64_TO_32_BIT_CONVERSION = YES;
				GCC_WARN_ABOUT_RETURN_TYPE = YES_ERROR;
				GCC_WARN_UNDECLARED_SELECTOR = YES;
				GCC_WARN_UNINITIALIZED_AUTOS = YES_AGGRESSIVE;
				GCC_WARN_UNUSED_FUNCTION = YES;
				GCC_WARN_UNUSED_VARIABLE = YES;
				IPHONEOS_DEPLOYMENT_TARGET = 8.0;
				MTL_ENABLE_DEBUG_INFO = YES;
				ONLY_ACTIVE_ARCH = YES;
				SDKROOT = iphoneos;
				SWIFT_OPTIMIZATION_LEVEL = "-Onone";
			};
			name = Debug;
		};
		D560910319900F320092AA36 /* Release */ = {
			isa = XCBuildConfiguration;
			buildSettings = {
				ALWAYS_SEARCH_USER_PATHS = NO;
				CLANG_CXX_LANGUAGE_STANDARD = "gnu++0x";
				CLANG_CXX_LIBRARY = "libc++";
				CLANG_ENABLE_MODULES = YES;
				CLANG_ENABLE_OBJC_ARC = YES;
				CLANG_WARN_BOOL_CONVERSION = YES;
				CLANG_WARN_CONSTANT_CONVERSION = YES;
				CLANG_WARN_DIRECT_OBJC_ISA_USAGE = YES_ERROR;
				CLANG_WARN_EMPTY_BODY = YES;
				CLANG_WARN_ENUM_CONVERSION = YES;
				CLANG_WARN_INT_CONVERSION = YES;
				CLANG_WARN_OBJC_ROOT_CLASS = YES_ERROR;
				CLANG_WARN_UNREACHABLE_CODE = YES;
				CLANG_WARN__DUPLICATE_METHOD_MATCH = YES;
				"CODE_SIGN_IDENTITY[sdk=iphoneos*]" = "iPhone Developer";
				COPY_PHASE_STRIP = YES;
				ENABLE_NS_ASSERTIONS = NO;
				ENABLE_STRICT_OBJC_MSGSEND = YES;
				GCC_C_LANGUAGE_STANDARD = gnu99;
				GCC_WARN_64_TO_32_BIT_CONVERSION = YES;
				GCC_WARN_ABOUT_RETURN_TYPE = YES_ERROR;
				GCC_WARN_UNDECLARED_SELECTOR = YES;
				GCC_WARN_UNINITIALIZED_AUTOS = YES_AGGRESSIVE;
				GCC_WARN_UNUSED_FUNCTION = YES;
				GCC_WARN_UNUSED_VARIABLE = YES;
				IPHONEOS_DEPLOYMENT_TARGET = 8.0;
				MTL_ENABLE_DEBUG_INFO = NO;
				SDKROOT = iphoneos;
				VALIDATE_PRODUCT = YES;
			};
			name = Release;
		};
		D560910519900F320092AA36 /* Debug */ = {
			isa = XCBuildConfiguration;
			buildSettings = {
				ASSETCATALOG_COMPILER_APPICON_NAME = AppIcon;
				ASSETCATALOG_COMPILER_LAUNCHIMAGE_NAME = LaunchImage;
				CLANG_ENABLE_MODULES = YES;
				DEFINES_MODULE = YES;
				INFOPLIST_FILE = "Swift&ObjC/Info.plist";
				LD_RUNPATH_SEARCH_PATHS = "$(inherited) @executable_path/Frameworks";
				PRODUCT_NAME = "$(TARGET_NAME)";
				SWIFT_OBJC_BRIDGING_HEADER = "Swift&ObjC/Swift&ObjC-Bridging-Header.h";
				SWIFT_OPTIMIZATION_LEVEL = "-Onone";
			};
			name = Debug;
		};
		D560910619900F320092AA36 /* Release */ = {
			isa = XCBuildConfiguration;
			buildSettings = {
				ASSETCATALOG_COMPILER_APPICON_NAME = AppIcon;
				ASSETCATALOG_COMPILER_LAUNCHIMAGE_NAME = LaunchImage;
				CLANG_ENABLE_MODULES = YES;
				DEFINES_MODULE = YES;
				INFOPLIST_FILE = "Swift&ObjC/Info.plist";
				LD_RUNPATH_SEARCH_PATHS = "$(inherited) @executable_path/Frameworks";
				PRODUCT_NAME = "$(TARGET_NAME)";
				SWIFT_OBJC_BRIDGING_HEADER = "Swift&ObjC/Swift&ObjC-Bridging-Header.h";
			};
			name = Release;
		};
		D560910819900F320092AA36 /* Debug */ = {
			isa = XCBuildConfiguration;
			buildSettings = {
				BUNDLE_LOADER = "$(BUILT_PRODUCTS_DIR)/Swift&ObjC.app/Swift&ObjC";
				FRAMEWORK_SEARCH_PATHS = (
					"$(SDKROOT)/Developer/Library/Frameworks",
					"$(inherited)",
				);
				GCC_PREPROCESSOR_DEFINITIONS = (
					"DEBUG=1",
					"$(inherited)",
				);
				INFOPLIST_FILE = "Swift&ObjCTests/Info.plist";
				LD_RUNPATH_SEARCH_PATHS = "$(inherited) @executable_path/Frameworks @loader_path/Frameworks";
				PRODUCT_NAME = "$(TARGET_NAME)";
				TEST_HOST = "$(BUNDLE_LOADER)";
			};
			name = Debug;
		};
		D560910919900F320092AA36 /* Release */ = {
			isa = XCBuildConfiguration;
			buildSettings = {
				BUNDLE_LOADER = "$(BUILT_PRODUCTS_DIR)/Swift&ObjC.app/Swift&ObjC";
				FRAMEWORK_SEARCH_PATHS = (
					"$(SDKROOT)/Developer/Library/Frameworks",
					"$(inherited)",
				);
				INFOPLIST_FILE = "Swift&ObjCTests/Info.plist";
				LD_RUNPATH_SEARCH_PATHS = "$(inherited) @executable_path/Frameworks @loader_path/Frameworks";
				PRODUCT_NAME = "$(TARGET_NAME)";
				TEST_HOST = "$(BUNDLE_LOADER)";
			};
			name = Release;
		};
/* End XCBuildConfiguration section */

/* Begin XCConfigurationList section */
		D56090E319900F320092AA36 /* Build configuration list for PBXProject "Swift&ObjC" */ = {
			isa = XCConfigurationList;
			buildConfigurations = (
				D560910219900F320092AA36 /* Debug */,
				D560910319900F320092AA36 /* Release */,
			);
			defaultConfigurationIsVisible = 0;
			defaultConfigurationName = Release;
		};
		D560910419900F320092AA36 /* Build configuration list for PBXNativeTarget "Swift&ObjC" */ = {
			isa = XCConfigurationList;
			buildConfigurations = (
				D560910519900F320092AA36 /* Debug */,
				D560910619900F320092AA36 /* Release */,
			);
			defaultConfigurationIsVisible = 0;
			defaultConfigurationName = Release;
		};
		D560910719900F320092AA36 /* Build configuration list for PBXNativeTarget "Swift&ObjCTests" */ = {
			isa = XCConfigurationList;
			buildConfigurations = (
				D560910819900F320092AA36 /* Debug */,
				D560910919900F320092AA36 /* Release */,
			);
			defaultConfigurationIsVisible = 0;
			defaultConfigurationName = Release;
		};
/* End XCConfigurationList section */
	};
	rootObject = D56090E019900F320092AA36 /* Project object */;
}
